
Microsoft Visual Studio Solution File, Format Version 12.00
# Visual Studio 14
VisualStudioVersion = 14.0.25420.1
MinimumVisualStudioVersion = 10.0.40219.1
Project("{FAE04EC0-301F-11D3-BF4B-00C04F79EFBC}") = "HappyValleyKennels", "HappyValleyKennels\HappyValleyKennels.csproj", "{50A174CF-E7E5-4557-9E62-F5F3440FA696}"
EndProject
Global
	GlobalSection(SolutionConfigurationPlatforms) = preSolution
		Debug|Any CPU = Debug|Any CPU
		Release|Any CPU = Release|Any CPU
	EndGlobalSection
	GlobalSection(ProjectConfigurationPlatforms) = postSolution
		{50A174CF-E7E5-4557-9E62-F5F3440FA696}.Debug|Any CPU.ActiveCfg = Debug|Any CPU
		{50A174CF-E7E5-4557-9E62-F5F3440FA696}.Debug|Any CPU.Build.0 = Debug|Any CPU
		{50A174CF-E7E5-4557-9E62-F5F3440FA696}.Release|Any CPU.ActiveCfg = Release|Any CPU
		{50A174CF-E7E5-4557-9E62-F5F3440FA696}.Release|Any CPU.Build.0 = Release|Any CPU
	EndGlobalSection
	GlobalSection(SolutionProperties) = preSolution
		HideSolutionNode = FALSE
	EndGlobalSection
	GlobalSection(TeamFoundationVersionControl) = preSolution
		SccNumberOfProjects = 2
		SccEnterpriseProvider = {4CA58AB2-18FA-4F8D-95D4-32DDF27D184C}
		SccTeamFoundationServer = http://cstfs.cegep-heritage.qc.ca:8080/tfs/c40finalassignment
		SccLocalPath0 = .
		SccProjectUniqueName1 = HappyValleyKennels\\HappyValleyKennels.csproj
		SccProjectName1 = HappyValleyKennels
		SccLocalPath1 = HappyValleyKennels
	EndGlobalSection
EndGlobal
