
Microsoft Visual Studio Solution File, Format Version 12.00
# Visual Studio 14
VisualStudioVersion = 14.0.25420.1
MinimumVisualStudioVersion = 10.0.40219.1
Project("{FAE04EC0-301F-11D3-BF4B-00C04F79EFBC}") = "IronManUnitTests", "IronManUnitTests\IronManUnitTests.csproj", "{F578D77A-03A6-473F-B78E-1C368EE7A1FE}"
EndProject
Project("{FAE04EC0-301F-11D3-BF4B-00C04F79EFBC}") = "IronManhvkBLL", "IronManhvkBLL\IronManhvkBLL.csproj", "{CFF2E721-C879-41CC-8904-8FE472D34C5F}"
EndProject
Project("{FAE04EC0-301F-11D3-BF4B-00C04F79EFBC}") = "IronManhvkDB", "IronManhvkDB\IronManhvkDB.csproj", "{D2AF9424-931C-408D-B9B4-7EF073764415}"
EndProject
Global
	GlobalSection(SolutionConfigurationPlatforms) = preSolution
		Debug|Any CPU = Debug|Any CPU
		Release|Any CPU = Release|Any CPU
	EndGlobalSection
	GlobalSection(ProjectConfigurationPlatforms) = postSolution
		{F578D77A-03A6-473F-B78E-1C368EE7A1FE}.Debug|Any CPU.ActiveCfg = Debug|Any CPU
		{F578D77A-03A6-473F-B78E-1C368EE7A1FE}.Debug|Any CPU.Build.0 = Debug|Any CPU
		{F578D77A-03A6-473F-B78E-1C368EE7A1FE}.Release|Any CPU.ActiveCfg = Release|Any CPU
		{F578D77A-03A6-473F-B78E-1C368EE7A1FE}.Release|Any CPU.Build.0 = Release|Any CPU
		{CFF2E721-C879-41CC-8904-8FE472D34C5F}.Debug|Any CPU.ActiveCfg = Debug|Any CPU
		{CFF2E721-C879-41CC-8904-8FE472D34C5F}.Debug|Any CPU.Build.0 = Debug|Any CPU
		{CFF2E721-C879-41CC-8904-8FE472D34C5F}.Release|Any CPU.ActiveCfg = Release|Any CPU
		{CFF2E721-C879-41CC-8904-8FE472D34C5F}.Release|Any CPU.Build.0 = Release|Any CPU
		{D2AF9424-931C-408D-B9B4-7EF073764415}.Debug|Any CPU.ActiveCfg = Debug|Any CPU
		{D2AF9424-931C-408D-B9B4-7EF073764415}.Debug|Any CPU.Build.0 = Debug|Any CPU
		{D2AF9424-931C-408D-B9B4-7EF073764415}.Release|Any CPU.ActiveCfg = Release|Any CPU
		{D2AF9424-931C-408D-B9B4-7EF073764415}.Release|Any CPU.Build.0 = Release|Any CPU
	EndGlobalSection
	GlobalSection(SolutionProperties) = preSolution
		HideSolutionNode = FALSE
	EndGlobalSection
EndGlobal
